
Microsoft Visual Studio Solution File, Format Version 12.00
# Visual Studio 15
VisualStudioVersion = 15.0.27703.2042
MinimumVisualStudioVersion = 10.0.40219.1
Project("{FAE04EC0-301F-11D3-BF4B-00C04F79EFBC}") = "PortfolioManager", "PortfolioManager\PortfolioManager.csproj", "{14BA74FB-C951-4728-BE3E-28A7A9CFE821}"
EndProject
Global
	GlobalSection(SolutionConfigurationPlatforms) = preSolution
		Debug|Any CPU = Debug|Any CPU
		Release|Any CPU = Release|Any CPU
	EndGlobalSection
	GlobalSection(ProjectConfigurationPlatforms) = postSolution
		{14BA74FB-C951-4728-BE3E-28A7A9CFE821}.Debug|Any CPU.ActiveCfg = Debug|Any CPU
		{14BA74FB-C951-4728-BE3E-28A7A9CFE821}.Debug|Any CPU.Build.0 = Debug|Any CPU
		{14BA74FB-C951-4728-BE3E-28A7A9CFE821}.Release|Any CPU.ActiveCfg = Release|Any CPU
		{14BA74FB-C951-4728-BE3E-28A7A9CFE821}.Release|Any CPU.Build.0 = Release|Any CPU
	EndGlobalSection
	GlobalSection(SolutionProperties) = preSolution
		HideSolutionNode = FALSE
	EndGlobalSection
	GlobalSection(ExtensibilityGlobals) = postSolution
		SolutionGuid = {F9861720-0F59-43E1-8D75-AD16D96DC16F}
	EndGlobalSection
EndGlobal
